Microsoft Visual Studio Solution File, Format Version 12.00
# Visual Studio Version 17
VisualStudioVersion = 17.5.2.0
MinimumVisualStudioVersion = 10.0.40219.1
Project("{FAE04EC0-301F-11D3-BF4B-00C04F79EFBC}") = "lab-0-first-c-KennaCo14-1", "lab-0-first-c-KennaCo14-1.csproj", "{EA902CCC-95A4-8A4F-E8F5-A59A451127FD}"
EndProject
Global
	GlobalSection(SolutionConfigurationPlatforms) = preSolution
		Debug|Any CPU = Debug|Any CPU
		Release|Any CPU = Release|Any CPU
	EndGlobalSection
	GlobalSection(ProjectConfigurationPlatforms) = postSolution
		{EA902CCC-95A4-8A4F-E8F5-A59A451127FD}.Debug|Any CPU.ActiveCfg = Debug|Any CPU
		{EA902CCC-95A4-8A4F-E8F5-A59A451127FD}.Debug|Any CPU.Build.0 = Debug|Any CPU
		{EA902CCC-95A4-8A4F-E8F5-A59A451127FD}.Release|Any CPU.ActiveCfg = Release|Any CPU
		{EA902CCC-95A4-8A4F-E8F5-A59A451127FD}.Release|Any CPU.Build.0 = Release|Any CPU
	EndGlobalSection
	GlobalSection(SolutionProperties) = preSolution
		HideSolutionNode = FALSE
	EndGlobalSection
	GlobalSection(ExtensibilityGlobals) = postSolution
		SolutionGuid = {E970FC12-9968-4D74-B237-E9C9AE44C75D}
	EndGlobalSection
EndGlobal
